
Microsoft Visual Studio Solution File, Format Version 12.00
# Visual Studio Express 15 for Windows Desktop
VisualStudioVersion = 15.0.28307.1927
MinimumVisualStudioVersion = 10.0.40219.1
Project("{FAE04EC0-301F-11D3-BF4B-00C04F79EFBC}") = "wpf_template", "wpf_template.csproj", "{B4866CAE-0423-44B0-B153-5B226A6C3EEB}"
EndProject
Global
	GlobalSection(SolutionConfigurationPlatforms) = preSolution
		Debug|Any CPU = Debug|Any CPU
		Release|Any CPU = Release|Any CPU
	EndGlobalSection
	GlobalSection(ProjectConfigurationPlatforms) = postSolution
		{B4866CAE-0423-44B0-B153-5B226A6C3EEB}.Debug|Any CPU.ActiveCfg = Debug|Any CPU
		{B4866CAE-0423-44B0-B153-5B226A6C3EEB}.Debug|Any CPU.Build.0 = Debug|Any CPU
		{B4866CAE-0423-44B0-B153-5B226A6C3EEB}.Release|Any CPU.ActiveCfg = Release|Any CPU
		{B4866CAE-0423-44B0-B153-5B226A6C3EEB}.Release|Any CPU.Build.0 = Release|Any CPU
	EndGlobalSection
	GlobalSection(SolutionProperties) = preSolution
		HideSolutionNode = FALSE
	EndGlobalSection
	GlobalSection(ExtensibilityGlobals) = postSolution
		SolutionGuid = {7A118BFC-3C76-4096-9EB7-1507C40F206E}
	EndGlobalSection
EndGlobal
